
Microsoft Visual Studio Solution File, Format Version 12.00
# Visual Studio Version 16
VisualStudioVersion = 16.0.30002.166
MinimumVisualStudioVersion = 10.0.40219.1
Project("{9A19103F-16F7-4668-BE54-9A1E7A4F7556}") = "Gabriel4.0", "Gabriel4.0\Gabriel4.0.csproj", "{CA467366-3652-40DE-B7F6-2FE91E98E4E9}"
EndProject
Project("{2150E333-8FDC-42A3-9474-1A3956D46DE8}") = "Solution Items", "Solution Items", "{2F3797CA-3C43-4645-A5DB-11866C9F742E}"
	ProjectSection(SolutionItems) = preProject
		.editorconfig = .editorconfig
	EndProjectSection
EndProject
Global
	GlobalSection(SolutionConfigurationPlatforms) = preSolution
		Debug|Any CPU = Debug|Any CPU
		Release|Any CPU = Release|Any CPU
	EndGlobalSection
	GlobalSection(ProjectConfigurationPlatforms) = postSolution
		{CA467366-3652-40DE-B7F6-2FE91E98E4E9}.Debug|Any CPU.ActiveCfg = Debug|Any CPU
		{CA467366-3652-40DE-B7F6-2FE91E98E4E9}.Debug|Any CPU.Build.0 = Debug|Any CPU
		{CA467366-3652-40DE-B7F6-2FE91E98E4E9}.Release|Any CPU.ActiveCfg = Release|Any CPU
		{CA467366-3652-40DE-B7F6-2FE91E98E4E9}.Release|Any CPU.Build.0 = Release|Any CPU
	EndGlobalSection
	GlobalSection(SolutionProperties) = preSolution
		HideSolutionNode = FALSE
	EndGlobalSection
	GlobalSection(ExtensibilityGlobals) = postSolution
		SolutionGuid = {83C12F34-C5F8-4614-A2D1-5E358E4E2D4F}
	EndGlobalSection
EndGlobal
